
Microsoft Visual Studio Solution File, Format Version 12.00
# Visual Studio 15
VisualStudioVersion = 15.0.28010.2050
MinimumVisualStudioVersion = 10.0.40219.1
Project("{FAE04EC0-301F-11D3-BF4B-00C04F79EFBC}") = "ConsoleApp1", "ConsoleApp1\ConsoleApp1.csproj", "{AE78F253-3AA1-47B1-B928-9D423C838B72}"
EndProject
Global
	GlobalSection(SolutionConfigurationPlatforms) = preSolution
		Debug|Any CPU = Debug|Any CPU
		Release|Any CPU = Release|Any CPU
	EndGlobalSection
	GlobalSection(ProjectConfigurationPlatforms) = postSolution
		{AE78F253-3AA1-47B1-B928-9D423C838B72}.Debug|Any CPU.ActiveCfg = Debug|Any CPU
		{AE78F253-3AA1-47B1-B928-9D423C838B72}.Debug|Any CPU.Build.0 = Debug|Any CPU
		{AE78F253-3AA1-47B1-B928-9D423C838B72}.Release|Any CPU.ActiveCfg = Release|Any CPU
		{AE78F253-3AA1-47B1-B928-9D423C838B72}.Release|Any CPU.Build.0 = Release|Any CPU
	EndGlobalSection
	GlobalSection(SolutionProperties) = preSolution
		HideSolutionNode = FALSE
	EndGlobalSection
	GlobalSection(ExtensibilityGlobals) = postSolution
		SolutionGuid = {2BCC9D12-0FA3-459E-B216-83590F619BED}
	EndGlobalSection
EndGlobal
