
Microsoft Visual Studio Solution File, Format Version 12.00
# Visual Studio 15
VisualStudioVersion = 15.0.28010.2050
MinimumVisualStudioVersion = 10.0.40219.1
Project("{FAE04EC0-301F-11D3-BF4B-00C04F79EFBC}") = "StructTest", "StructTest\StructTest.csproj", "{9DD6FF4F-3B79-468E-8987-C5D4EB9BCA95}"
EndProject
Global
	GlobalSection(SolutionConfigurationPlatforms) = preSolution
		Debug|Any CPU = Debug|Any CPU
		Release|Any CPU = Release|Any CPU
	EndGlobalSection
	GlobalSection(ProjectConfigurationPlatforms) = postSolution
		{9DD6FF4F-3B79-468E-8987-C5D4EB9BCA95}.Debug|Any CPU.ActiveCfg = Debug|Any CPU
		{9DD6FF4F-3B79-468E-8987-C5D4EB9BCA95}.Debug|Any CPU.Build.0 = Debug|Any CPU
		{9DD6FF4F-3B79-468E-8987-C5D4EB9BCA95}.Release|Any CPU.ActiveCfg = Release|Any CPU
		{9DD6FF4F-3B79-468E-8987-C5D4EB9BCA95}.Release|Any CPU.Build.0 = Release|Any CPU
	EndGlobalSection
	GlobalSection(SolutionProperties) = preSolution
		HideSolutionNode = FALSE
	EndGlobalSection
	GlobalSection(ExtensibilityGlobals) = postSolution
		SolutionGuid = {09737332-DB70-49F7-9AB5-5CC32C2AC03E}
	EndGlobalSection
EndGlobal
