
Microsoft Visual Studio Solution File, Format Version 12.00
# Visual Studio 15
VisualStudioVersion = 15.0.28010.2050
MinimumVisualStudioVersion = 10.0.40219.1
Project("{FAE04EC0-301F-11D3-BF4B-00C04F79EFBC}") = "ArrTest", "ArrTest\ArrTest.csproj", "{D8D09692-54B3-4922-BBD1-599D479D0FDD}"
EndProject
Global
	GlobalSection(SolutionConfigurationPlatforms) = preSolution
		Debug|Any CPU = Debug|Any CPU
		Release|Any CPU = Release|Any CPU
	EndGlobalSection
	GlobalSection(ProjectConfigurationPlatforms) = postSolution
		{D8D09692-54B3-4922-BBD1-599D479D0FDD}.Debug|Any CPU.ActiveCfg = Debug|Any CPU
		{D8D09692-54B3-4922-BBD1-599D479D0FDD}.Debug|Any CPU.Build.0 = Debug|Any CPU
		{D8D09692-54B3-4922-BBD1-599D479D0FDD}.Release|Any CPU.ActiveCfg = Release|Any CPU
		{D8D09692-54B3-4922-BBD1-599D479D0FDD}.Release|Any CPU.Build.0 = Release|Any CPU
	EndGlobalSection
	GlobalSection(SolutionProperties) = preSolution
		HideSolutionNode = FALSE
	EndGlobalSection
	GlobalSection(ExtensibilityGlobals) = postSolution
		SolutionGuid = {8E8834E2-A915-4798-972C-0AFD845E3662}
	EndGlobalSection
EndGlobal
